// !$*UTF8*$!
{
	archiveVersion = 1;
	classes = {
	};
	objectVersion = 56;
	objects = {

/* Begin PBXBuildFile section */
		5E7F723929C5072700D93F38 /* Podfile in Resources */ = {isa = PBXBuildFile; fileRef = 5E7F723829C5072700D93F38 /* Podfile */; };
		5EDA9D5529C470B000DF6575 /* AppDelegate.swift in Sources */ = {isa = PBXBuildFile; fileRef = 5EDA9D5429C470B000DF6575 /* AppDelegate.swift */; };
		5EDA9D5729C470B000DF6575 /* SceneDelegate.swift in Sources */ = {isa = PBXBuildFile; fileRef = 5EDA9D5629C470B000DF6575 /* SceneDelegate.swift */; };
		5EDA9D5929C470B000DF6575 /* HomeViewController.swift in Sources */ = {isa = PBXBuildFile; fileRef = 5EDA9D5829C470B000DF6575 /* HomeViewController.swift */; };
		5EDA9D5C29C470B000DF6575 /* Main.storyboard in Resources */ = {isa = PBXBuildFile; fileRef = 5EDA9D5A29C470B000DF6575 /* Main.storyboard */; };
		5EDA9D5E29C470B100DF6575 /* Assets.xcassets in Resources */ = {isa = PBXBuildFile; fileRef = 5EDA9D5D29C470B100DF6575 /* Assets.xcassets */; };
		5EDA9D6129C470B100DF6575 /* LaunchScreen.storyboard in Resources */ = {isa = PBXBuildFile; fileRef = 5EDA9D5F29C470B100DF6575 /* LaunchScreen.storyboard */; };
		5EDA9D6A29C4CAA900DF6575 /* TypeModels.swift in Sources */ = {isa = PBXBuildFile; fileRef = 5EDA9D6929C4CAA900DF6575 /* TypeModels.swift */; };
		5EDA9D7229C4CD4B00DF6575 /* ActivityListViewController.swift in Sources */ = {isa = PBXBuildFile; fileRef = 5EDA9D7129C4CD4B00DF6575 /* ActivityListViewController.swift */; };
		5EDA9D7429C4D47300DF6575 /* GenderModels.swift in Sources */ = {isa = PBXBuildFile; fileRef = 5EDA9D7329C4D47300DF6575 /* GenderModels.swift */; };
		FCE77E38CCF3FDA1E08C1044 /* Pods_CalorieCalculator.framework in Frameworks */ = {isa = PBXBuildFile; fileRef = 1A76E7B3A78F6B381AAA5A88 /* Pods_CalorieCalculator.framework */; };
/* End PBXBuildFile section */

/* Begin PBXFileReference section */
		1A76E7B3A78F6B381AAA5A88 /* Pods_CalorieCalculator.framework */ = {isa = PBXFileReference; explicitFileType = wrapper.framework; includeInIndex = 0; path = Pods_CalorieCalculator.framework; sourceTree = BUILT_PRODUCTS_DIR; };
		5E7F723829C5072700D93F38 /* Podfile */ = {isa = PBXFileReference; fileEncoding = 4; lastKnownFileType = text; path = Podfile; sourceTree = SOURCE_ROOT; xcLanguageSpecificationIdentifier = xcode.lang.ruby; };
		5EDA9D5129C470B000DF6575 /* CalorieCalculator.app */ = {isa = PBXFileReference; explicitFileType = wrapper.application; includeInIndex = 0; path = CalorieCalculator.app; sourceTree = BUILT_PRODUCTS_DIR; };
		5EDA9D5429C470B000DF6575 /* AppDelegate.swift */ = {isa = PBXFileReference; lastKnownFileType = sourcecode.swift; path = AppDelegate.swift; sourceTree = "<group>"; };
		5EDA9D5629C470B000DF6575 /* SceneDelegate.swift */ = {isa = PBXFileReference; lastKnownFileType = sourcecode.swift; path = SceneDelegate.swift; sourceTree = "<group>"; };
		5EDA9D5829C470B000DF6575 /* HomeViewController.swift */ = {isa = PBXFileReference; lastKnownFileType = sourcecode.swift; path = HomeViewController.swift; sourceTree = "<group>"; };
		5EDA9D5B29C470B000DF6575 /* Base */ = {isa = PBXFileReference; lastKnownFileType = file.storyboard; name = Base; path = Base.lproj/Main.storyboard; sourceTree = "<group>"; };
		5EDA9D5D29C470B100DF6575 /* Assets.xcassets */ = {isa = PBXFileReference; lastKnownFileType = folder.assetcatalog; path = Assets.xcassets; sourceTree = "<group>"; };
		5EDA9D6029C470B100DF6575 /* Base */ = {isa = PBXFileReference; lastKnownFileType = file.storyboard; name = Base; path = Base.lproj/LaunchScreen.storyboard; sourceTree = "<group>"; };
		5EDA9D6229C470B100DF6575 /* Info.plist */ = {isa = PBXFileReference; lastKnownFileType = text.plist.xml; path = Info.plist; sourceTree = "<group>"; };
		5EDA9D6929C4CAA900DF6575 /* TypeModels.swift */ = {isa = PBXFileReference; lastKnownFileType = sourcecode.swift; path = TypeModels.swift; sourceTree = "<group>"; };
		5EDA9D7129C4CD4B00DF6575 /* ActivityListViewController.swift */ = {isa = PBXFileReference; lastKnownFileType = sourcecode.swift; path = ActivityListViewController.swift; sourceTree = "<group>"; };
		5EDA9D7329C4D47300DF6575 /* GenderModels.swift */ = {isa = PBXFileReference; lastKnownFileType = sourcecode.swift; path = GenderModels.swift; sourceTree = "<group>"; };
		8A6570D8B8F117D90ADA26AF /* Pods-CalorieCalculator.release.xcconfig */ = {isa = PBXFileReference; includeInIndex = 1; lastKnownFileType = text.xcconfig; name = "Pods-CalorieCalculator.release.xcconfig"; path = "Target Support Files/Pods-CalorieCalculator/Pods-CalorieCalculator.release.xcconfig"; sourceTree = "<group>"; };
		ECBE810940BF90527A4A0418 /* Pods-CalorieCalculator.debug.xcconfig */ = {isa = PBXFileReference; includeInIndex = 1; lastKnownFileType = text.xcconfig; name = "Pods-CalorieCalculator.debug.xcconfig"; path = "Target Support Files/Pods-CalorieCalculator/Pods-CalorieCalculator.debug.xcconfig"; sourceTree = "<group>"; };
/* End PBXFileReference section */

/* Begin PBXFrameworksBuildPhase section */
		5EDA9D4E29C470B000DF6575 /* Frameworks */ = {
			isa = PBXFrameworksBuildPhase;
			buildActionMask = 2147483647;
			files = (
				FCE77E38CCF3FDA1E08C1044 /* Pods_CalorieCalculator.framework in Frameworks */,
			);
			runOnlyForDeploymentPostprocessing = 0;
		};
/* End PBXFrameworksBuildPhase section */

/* Begin PBXGroup section */
		35C0183BD43A50C00908AE2C /* Pods */ = {
			isa = PBXGroup;
			children = (
				ECBE810940BF90527A4A0418 /* Pods-CalorieCalculator.debug.xcconfig */,
				8A6570D8B8F117D90ADA26AF /* Pods-CalorieCalculator.release.xcconfig */,
			);
			path = Pods;
			sourceTree = "<group>";
		};
		5EDA9D4829C470B000DF6575 = {
			isa = PBXGroup;
			children = (
				5EDA9D5329C470B000DF6575 /* CalorieCalculator */,
				5EDA9D5229C470B000DF6575 /* Products */,
				35C0183BD43A50C00908AE2C /* Pods */,
				FDC0CC34C2655958A123E441 /* Frameworks */,
			);
			sourceTree = "<group>";
		};
		5EDA9D5229C470B000DF6575 /* Products */ = {
			isa = PBXGroup;
			children = (
				5EDA9D5129C470B000DF6575 /* CalorieCalculator.app */,
			);
			name = Products;
			sourceTree = "<group>";
		};
		5EDA9D5329C470B000DF6575 /* CalorieCalculator */ = {
			isa = PBXGroup;
			children = (
				5E7F723829C5072700D93F38 /* Podfile */,
				5EDA9D6B29C4CAB400DF6575 /* Application */,
				5EDA9D6829C4CA9100DF6575 /* Models */,
				5EDA9D6C29C4CAC200DF6575 /* Controllers */,
				5EDA9D6D29C4CBBA00DF6575 /* Views */,
				5EDA9D6E29C4CBC600DF6575 /* DefaultFiles */,
			);
			path = CalorieCalculator;
			sourceTree = "<group>";
		};
		5EDA9D6829C4CA9100DF6575 /* Models */ = {
			isa = PBXGroup;
			children = (
				5EDA9D6929C4CAA900DF6575 /* TypeModels.swift */,
				5EDA9D7329C4D47300DF6575 /* GenderModels.swift */,
			);
			path = Models;
			sourceTree = "<group>";
		};
		5EDA9D6B29C4CAB400DF6575 /* Application */ = {
			isa = PBXGroup;
			children = (
				5EDA9D5429C470B000DF6575 /* AppDelegate.swift */,
				5EDA9D5629C470B000DF6575 /* SceneDelegate.swift */,
			);
			path = Application;
			sourceTree = "<group>";
		};
		5EDA9D6C29C4CAC200DF6575 /* Controllers */ = {
			isa = PBXGroup;
			children = (
				5EDA9D5829C470B000DF6575 /* HomeViewController.swift */,
				5EDA9D7129C4CD4B00DF6575 /* ActivityListViewController.swift */,
			);
			path = Controllers;
			sourceTree = "<group>";
		};
		5EDA9D6D29C4CBBA00DF6575 /* Views */ = {
			isa = PBXGroup;
			children = (
				5EDA9D5A29C470B000DF6575 /* Main.storyboard */,
			);
			path = Views;
			sourceTree = "<group>";
		};
		5EDA9D6E29C4CBC600DF6575 /* DefaultFiles */ = {
			isa = PBXGroup;
			children = (
				5EDA9D5D29C470B100DF6575 /* Assets.xcassets */,
				5EDA9D5F29C470B100DF6575 /* LaunchScreen.storyboard */,
				5EDA9D6229C470B100DF6575 /* Info.plist */,
			);
			path = DefaultFiles;
			sourceTree = "<group>";
		};
		FDC0CC34C2655958A123E441 /* Frameworks */ = {
			isa = PBXGroup;
			children = (
				1A76E7B3A78F6B381AAA5A88 /* Pods_CalorieCalculator.framework */,
			);
			name = Frameworks;
			sourceTree = "<group>";
		};
/* End PBXGroup section */

/* Begin PBXNativeTarget section */
		5EDA9D5029C470B000DF6575 /* CalorieCalculator */ = {
			isa = PBXNativeTarget;
			buildConfigurationList = 5EDA9D6529C470B100DF6575 /* Build configuration list for PBXNativeTarget "CalorieCalculator" */;
			buildPhases = (
				1B2FCABEB3ABAE4D576EEDC9 /* [CP] Check Pods Manifest.lock */,
				5EDA9D4D29C470B000DF6575 /* Sources */,
				5EDA9D4E29C470B000DF6575 /* Frameworks */,
				5EDA9D4F29C470B000DF6575 /* Resources */,
				DEACD1CE31E442C7D9F6045F /* [CP] Embed Pods Frameworks */,
			);
			buildRules = (
			);
			dependencies = (
			);
			name = CalorieCalculator;
			productName = CalorieCalculator;
			productReference = 5EDA9D5129C470B000DF6575 /* CalorieCalculator.app */;
			productType = "com.apple.product-type.application";
		};
/* End PBXNativeTarget section */

/* Begin PBXProject section */
		5EDA9D4929C470B000DF6575 /* Project object */ = {
			isa = PBXProject;
			attributes = {
				BuildIndependentTargetsInParallel = 1;
				LastSwiftUpdateCheck = 1410;
				LastUpgradeCheck = 1410;
				TargetAttributes = {
					5EDA9D5029C470B000DF6575 = {
						CreatedOnToolsVersion = 14.1;
					};
				};
			};
			buildConfigurationList = 5EDA9D4C29C470B000DF6575 /* Build configuration list for PBXProject "CalorieCalculator" */;
			compatibilityVersion = "Xcode 14.0";
			developmentRegion = en;
			hasScannedForEncodings = 0;
			knownRegions = (
				en,
				Base,
			);
			mainGroup = 5EDA9D4829C470B000DF6575;
			productRefGroup = 5EDA9D5229C470B000DF6575 /* Products */;
			projectDirPath = "";
			projectRoot = "";
			targets = (
				5EDA9D5029C470B000DF6575 /* CalorieCalculator */,
			);
		};
/* End PBXProject section */

/* Begin PBXResourcesBuildPhase section */
		5EDA9D4F29C470B000DF6575 /* Resources */ = {
			isa = PBXResourcesBuildPhase;
			buildActionMask = 2147483647;
			files = (
				5EDA9D6129C470B100DF6575 /* LaunchScreen.storyboard in Resources */,
				5EDA9D5E29C470B100DF6575 /* Assets.xcassets in Resources */,
				5E7F723929C5072700D93F38 /* Podfile in Resources */,
				5EDA9D5C29C470B000DF6575 /* Main.storyboard in Resources */,
			);
			runOnlyForDeploymentPostprocessing = 0;
		};
/* End PBXResourcesBuildPhase section */

/* Begin PBXShellScriptBuildPhase section */
		1B2FCABEB3ABAE4D576EEDC9 /* [CP] Check Pods Manifest.lock */ = {
			isa = PBXShellScriptBuildPhase;
			buildActionMask = 2147483647;
			files = (
			);
			inputFileListPaths = (
			);
			inputPaths = (
				"${PODS_PODFILE_DIR_PATH}/Podfile.lock",
				"${PODS_ROOT}/Manifest.lock",
			);
			name = "[CP] Check Pods Manifest.lock";
			outputFileListPaths = (
			);
			outputPaths = (
				"$(DERIVED_FILE_DIR)/Pods-CalorieCalculator-checkManifestLockResult.txt",
			);
			runOnlyForDeploymentPostprocessing = 0;
			shellPath = /bin/sh;
			shellScript = "diff \"${PODS_PODFILE_DIR_PATH}/Podfile.lock\" \"${PODS_ROOT}/Manifest.lock\" > /dev/null\nif [ $? != 0 ] ; then\n    # print error to STDERR\n    echo \"error: The sandbox is not in sync with the Podfile.lock. Run 'pod install' or update your CocoaPods installation.\" >&2\n    exit 1\nfi\n# This output is used by Xcode 'outputs' to avoid re-running this script phase.\necho \"SUCCESS\" > \"${SCRIPT_OUTPUT_FILE_0}\"\n";
			showEnvVarsInLog = 0;
		};
		DEACD1CE31E442C7D9F6045F /* [CP] Embed Pods Frameworks */ = {
			isa = PBXShellScriptBuildPhase;
			buildActionMask = 2147483647;
			files = (
			);
			inputFileListPaths = (
				"${PODS_ROOT}/Target Support Files/Pods-CalorieCalculator/Pods-CalorieCalculator-frameworks-${CONFIGURATION}-input-files.xcfilelist",
			);
			name = "[CP] Embed Pods Frameworks";
			outputFileListPaths = (
				"${PODS_ROOT}/Target Support Files/Pods-CalorieCalculator/Pods-CalorieCalculator-frameworks-${CONFIGURATION}-output-files.xcfilelist",
			);
			runOnlyForDeploymentPostprocessing = 0;
			shellPath = /bin/sh;
			shellScript = "\"${PODS_ROOT}/Target Support Files/Pods-CalorieCalculator/Pods-CalorieCalculator-frameworks.sh\"\n";
			showEnvVarsInLog = 0;
		};
/* End PBXShellScriptBuildPhase section */

/* Begin PBXSourcesBuildPhase section */
		5EDA9D4D29C470B000DF6575 /* Sources */ = {
			isa = PBXSourcesBuildPhase;
			buildActionMask = 2147483647;
			files = (
				5EDA9D7429C4D47300DF6575 /* GenderModels.swift in Sources */,
				5EDA9D5929C470B000DF6575 /* HomeViewController.swift in Sources */,
				5EDA9D6A29C4CAA900DF6575 /* TypeModels.swift in Sources */,
				5EDA9D5529C470B000DF6575 /* AppDelegate.swift in Sources */,
				5EDA9D5729C470B000DF6575 /* SceneDelegate.swift in Sources */,
				5EDA9D7229C4CD4B00DF6575 /* ActivityListViewController.swift in Sources */,
			);
			runOnlyForDeploymentPostprocessing = 0;
		};
/* End PBXSourcesBuildPhase section */

/* Begin PBXVariantGroup section */
		5EDA9D5A29C470B000DF6575 /* Main.storyboard */ = {
			isa = PBXVariantGroup;
			children = (
				5EDA9D5B29C470B000DF6575 /* Base */,
			);
			name = Main.storyboard;
			sourceTree = "<group>";
		};
		5EDA9D5F29C470B100DF6575 /* LaunchScreen.storyboard */ = {
			isa = PBXVariantGroup;
			children = (
				5EDA9D6029C470B100DF6575 /* Base */,
			);
			name = LaunchScreen.storyboard;
			sourceTree = "<group>";
		};
/* End PBXVariantGroup section */

/* Begin XCBuildConfiguration section */
		5EDA9D6329C470B100DF6575 /* Debug */ = {
			isa = XCBuildConfiguration;
			buildSettings = {
				ALWAYS_SEARCH_USER_PATHS = NO;
				CLANG_ANALYZER_NONNULL = YES;
				CLANG_ANALYZER_NUMBER_OBJECT_CONVERSION = YES_AGGRESSIVE;
				CLANG_CXX_LANGUAGE_STANDARD = "gnu++20";
				CLANG_ENABLE_MODULES = YES;
				CLANG_ENABLE_OBJC_ARC = YES;
				CLANG_ENABLE_OBJC_WEAK = YES;
				CLANG_WARN_BLOCK_CAPTURE_AUTORELEASING = YES;
				CLANG_WARN_BOOL_CONVERSION = YES;
				CLANG_WARN_COMMA = YES;
				CLANG_WARN_CONSTANT_CONVERSION = YES;
				CLANG_WARN_DEPRECATED_OBJC_IMPLEMENTATIONS = YES;
				CLANG_WARN_DIRECT_OBJC_ISA_USAGE = YES_ERROR;
				CLANG_WARN_DOCUMENTATION_COMMENTS = YES;
				CLANG_WARN_EMPTY_BODY = YES;
				CLANG_WARN_ENUM_CONVERSION = YES;
				CLANG_WARN_INFINITE_RECURSION = YES;
				CLANG_WARN_INT_CONVERSION = YES;
				CLANG_WARN_NON_LITERAL_NULL_CONVERSION = YES;
				CLANG_WARN_OBJC_IMPLICIT_RETAIN_SELF = YES;
				CLANG_WARN_OBJC_LITERAL_CONVERSION = YES;
				CLANG_WARN_OBJC_ROOT_CLASS = YES_ERROR;
				CLANG_WARN_QUOTED_INCLUDE_IN_FRAMEWORK_HEADER = YES;
				CLANG_WARN_RANGE_LOOP_ANALYSIS = YES;
				CLANG_WARN_STRICT_PROTOTYPES = YES;
				CLANG_WARN_SUSPICIOUS_MOVE = YES;
				CLANG_WARN_UNGUARDED_AVAILABILITY = YES_AGGRESSIVE;
				CLANG_WARN_UNREACHABLE_CODE = YES;
				CLANG_WARN__DUPLICATE_METHOD_MATCH = YES;
				COPY_PHASE_STRIP = NO;
				DEBUG_INFORMATION_FORMAT = dwarf;
				ENABLE_STRICT_OBJC_MSGSEND = YES;
				ENABLE_TESTABILITY = YES;
				GCC_C_LANGUAGE_STANDARD = gnu11;
				GCC_DYNAMIC_NO_PIC = NO;
				GCC_NO_COMMON_BLOCKS = YES;
				GCC_OPTIMIZATION_LEVEL = 0;
				GCC_PREPROCESSOR_DEFINITIONS = (
					"DEBUG=1",
					"$(inherited)",
				);
				GCC_WARN_64_TO_32_BIT_CONVERSION = YES;
				GCC_WARN_ABOUT_RETURN_TYPE = YES_ERROR;
				GCC_WARN_UNDECLARED_SELECTOR = YES;
				GCC_WARN_UNINITIALIZED_AUTOS = YES_AGGRESSIVE;
				GCC_WARN_UNUSED_FUNCTION = YES;
				GCC_WARN_UNUSED_VARIABLE = YES;
				IPHONEOS_DEPLOYMENT_TARGET = 16.1;
				MTL_ENABLE_DEBUG_INFO = INCLUDE_SOURCE;
				MTL_FAST_MATH = YES;
				ONLY_ACTIVE_ARCH = YES;
				SDKROOT = iphoneos;
				SWIFT_ACTIVE_COMPILATION_CONDITIONS = DEBUG;
				SWIFT_OPTIMIZATION_LEVEL = "-Onone";
			};
			name = Debug;
		};
		5EDA9D6429C470B100DF6575 /* Release */ = {
			isa = XCBuildConfiguration;
			buildSettings = {
				ALWAYS_SEARCH_USER_PATHS = NO;
				CLANG_ANALYZER_NONNULL = YES;
				CLANG_ANALYZER_NUMBER_OBJECT_CONVERSION = YES_AGGRESSIVE;
				CLANG_CXX_LANGUAGE_STANDARD = "gnu++20";
				CLANG_ENABLE_MODULES = YES;
				CLANG_ENABLE_OBJC_ARC = YES;
				CLANG_ENABLE_OBJC_WEAK = YES;
				CLANG_WARN_BLOCK_CAPTURE_AUTORELEASING = YES;
				CLANG_WARN_BOOL_CONVERSION = YES;
				CLANG_WARN_COMMA = YES;
				CLANG_WARN_CONSTANT_CONVERSION = YES;
				CLANG_WARN_DEPRECATED_OBJC_IMPLEMENTATIONS = YES;
				CLANG_WARN_DIRECT_OBJC_ISA_USAGE = YES_ERROR;
				CLANG_WARN_DOCUMENTATION_COMMENTS = YES;
				CLANG_WARN_EMPTY_BODY = YES;
				CLANG_WARN_ENUM_CONVERSION = YES;
				CLANG_WARN_INFINITE_RECURSION = YES;
				CLANG_WARN_INT_CONVERSION = YES;
				CLANG_WARN_NON_LITERAL_NULL_CONVERSION = YES;
				CLANG_WARN_OBJC_IMPLICIT_RETAIN_SELF = YES;
				CLANG_WARN_OBJC_LITERAL_CONVERSION = YES;
				CLANG_WARN_OBJC_ROOT_CLASS = YES_ERROR;
				CLANG_WARN_QUOTED_INCLUDE_IN_FRAMEWORK_HEADER = YES;
				CLANG_WARN_RANGE_LOOP_ANALYSIS = YES;
				CLANG_WARN_STRICT_PROTOTYPES = YES;
				CLANG_WARN_SUSPICIOUS_MOVE = YES;
				CLANG_WARN_UNGUARDED_AVAILABILITY = YES_AGGRESSIVE;
				CLANG_WARN_UNREACHABLE_CODE = YES;
				CLANG_WARN__DUPLICATE_METHOD_MATCH = YES;
				COPY_PHASE_STRIP = NO;
				DEBUG_INFORMATION_FORMAT = "dwarf-with-dsym";
				ENABLE_NS_ASSERTIONS = NO;
				ENABLE_STRICT_OBJC_MSGSEND = YES;
				GCC_C_LANGUAGE_STANDARD = gnu11;
				GCC_NO_COMMON_BLOCKS = YES;
				GCC_WARN_64_TO_32_BIT_CONVERSION = YES;
				GCC_WARN_ABOUT_RETURN_TYPE = YES_ERROR;
				GCC_WARN_UNDECLARED_SELECTOR = YES;
				GCC_WARN_UNINITIALIZED_AUTOS = YES_AGGRESSIVE;
				GCC_WARN_UNUSED_FUNCTION = YES;
				GCC_WARN_UNUSED_VARIABLE = YES;
				IPHONEOS_DEPLOYMENT_TARGET = 16.1;
				MTL_ENABLE_DEBUG_INFO = NO;
				MTL_FAST_MATH = YES;
				SDKROOT = iphoneos;
				SWIFT_COMPILATION_MODE = wholemodule;
				SWIFT_OPTIMIZATION_LEVEL = "-O";
				VALIDATE_PRODUCT = YES;
			};
			name = Release;
		};
		5EDA9D6629C470B100DF6575 /* Debug */ = {
			isa = XCBuildConfiguration;
			baseConfigurationReference = ECBE810940BF90527A4A0418 /* Pods-CalorieCalculator.debug.xcconfig */;
			buildSettings = {
				ASSETCATALOG_COMPILER_APPICON_NAME = AppIcon;
				ASSETCATALOG_COMPILER_GLOBAL_ACCENT_COLOR_NAME = AccentColor;
				CODE_SIGN_STYLE = Automatic;
				CURRENT_PROJECT_VERSION = 1;
				GENERATE_INFOPLIST_FILE = YES;
				INFOPLIST_FILE = CalorieCalculator/DefaultFiles/Info.plist;
				INFOPLIST_KEY_UIApplicationSupportsIndirectInputEvents = YES;
				INFOPLIST_KEY_UILaunchStoryboardName = LaunchScreen;
				INFOPLIST_KEY_UIMainStoryboardFile = Main;
				INFOPLIST_KEY_UISupportedInterfaceOrientations_iPad = "UIInterfaceOrientationPortrait UIInterfaceOrientationPortraitUpsideDown UIInterfaceOrientationLandscapeLeft UIInterfaceOrientationLandscapeRight";
				INFOPLIST_KEY_UISupportedInterfaceOrientations_iPhone = "UIInterfaceOrientationPortrait UIInterfaceOrientationLandscapeLeft UIInterfaceOrientationLandscapeRight";
				LD_RUNPATH_SEARCH_PATHS = (
					"$(inherited)",
					"@executable_path/Frameworks",
				);
				MARKETING_VERSION = 1.0;
				PRODUCT_BUNDLE_IDENTIFIER = ua.CalorieCalculator;
				PRODUCT_NAME = "$(TARGET_NAME)";
				SWIFT_EMIT_LOC_STRINGS = YES;
				SWIFT_VERSION = 5.0;
				TARGETED_DEVICE_FAMILY = "1,2";
			};
			name = Debug;
		};
		5EDA9D6729C470B100DF6575 /* Release */ = {
			isa = XCBuildConfiguration;
			baseConfigurationReference = 8A6570D8B8F117D90ADA26AF /* Pods-CalorieCalculator.release.xcconfig */;
			buildSettings = {
				ASSETCATALOG_COMPILER_APPICON_NAME = AppIcon;
				ASSETCATALOG_COMPILER_GLOBAL_ACCENT_COLOR_NAME = AccentColor;
				CODE_SIGN_STYLE = Automatic;
				CURRENT_PROJECT_VERSION = 1;
				GENERATE_INFOPLIST_FILE = YES;
				INFOPLIST_FILE = CalorieCalculator/DefaultFiles/Info.plist;
				INFOPLIST_KEY_UIApplicationSupportsIndirectInputEvents = YES;
				INFOPLIST_KEY_UILaunchStoryboardName = LaunchScreen;
				INFOPLIST_KEY_UIMainStoryboardFile = Main;
				INFOPLIST_KEY_UISupportedInterfaceOrientations_iPad = "UIInterfaceOrientationPortrait UIInterfaceOrientationPortraitUpsideDown UIInterfaceOrientationLandscapeLeft UIInterfaceOrientationLandscapeRight";
				INFOPLIST_KEY_UISupportedInterfaceOrientations_iPhone = "UIInterfaceOrientationPortrait UIInterfaceOrientationLandscapeLeft UIInterfaceOrientationLandscapeRight";
				LD_RUNPATH_SEARCH_PATHS = (
					"$(inherited)",
					"@executable_path/Frameworks",
				);
				MARKETING_VERSION = 1.0;
				PRODUCT_BUNDLE_IDENTIFIER = ua.CalorieCalculator;
				PRODUCT_NAME = "$(TARGET_NAME)";
				SWIFT_EMIT_LOC_STRINGS = YES;
				SWIFT_VERSION = 5.0;
				TARGETED_DEVICE_FAMILY = "1,2";
			};
			name = Release;
		};
/* End XCBuildConfiguration section */

/* Begin XCConfigurationList section */
		5EDA9D4C29C470B000DF6575 /* Build configuration list for PBXProject "CalorieCalculator" */ = {
			isa = XCConfigurationList;
			buildConfigurations = (
				5EDA9D6329C470B100DF6575 /* Debug */,
				5EDA9D6429C470B100DF6575 /* Release */,
			);
			defaultConfigurationIsVisible = 0;
			defaultConfigurationName = Release;
		};
		5EDA9D6529C470B100DF6575 /* Build configuration list for PBXNativeTarget "CalorieCalculator" */ = {
			isa = XCConfigurationList;
			buildConfigurations = (
				5EDA9D6629C470B100DF6575 /* Debug */,
				5EDA9D6729C470B100DF6575 /* Release */,
			);
			defaultConfigurationIsVisible = 0;
			defaultConfigurationName = Release;
		};
/* End XCConfigurationList section */
	};
	rootObject = 5EDA9D4929C470B000DF6575 /* Project object */;
}
