PODS:
  - R.swift (6.1.0):
    - R.swift.Library (~> 5.3.0)
  - R.swift.Library (5.3.0)
  - SwiftLint (0.50.0)

DEPENDENCIES:
  - R.swift
  - SwiftLint

SPEC REPOS:
  trunk:
    - R.swift
    - R.swift.Library
    - SwiftLint

SPEC CHECKSUMS:
  R.swift: ec98ff71c4ab2f6fd01dd077e5afd15e63a4834c
  R.swift.Library: 0fc583cb55a99e28901299cc451614cad1161962
  SwiftLint: 9cbf846727f3312f3ba722f2d7108a162cd050a5

PODFILE CHECKSUM: 5d494548046a07ac03b135d47b7e825fc1354636

COCOAPODS: 1.11.3
